
Microsoft Visual Studio Solution File, Format Version 12.00
# Visual Studio 2017
Project("{FAE04EC0-301F-11D3-BF4B-00C04F79EFBC}") = "MobilePlatformer", "MobilePlatformer.csproj", "{2160733D-2A08-C5E6-3A49-BF188029F767}"
EndProject
Project("{FAE04EC0-301F-11D3-BF4B-00C04F79EFBC}") = "MobilePlatformer.Editor", "MobilePlatformer.Editor.csproj", "{12A276F4-F231-0F8D-D632-7818A1E7CF68}"
EndProject
Global
	GlobalSection(SolutionConfigurationPlatforms) = preSolution
		Debug|Any CPU = Debug|Any CPU
		Release|Any CPU = Release|Any CPU
	EndGlobalSection
	GlobalSection(ProjectConfigurationPlatforms) = postSolution
		{2160733D-2A08-C5E6-3A49-BF188029F767}.Debug|Any CPU.ActiveCfg = Debug|Any CPU
		{2160733D-2A08-C5E6-3A49-BF188029F767}.Debug|Any CPU.Build.0 = Debug|Any CPU
		{2160733D-2A08-C5E6-3A49-BF188029F767}.Release|Any CPU.ActiveCfg = Release|Any CPU
		{2160733D-2A08-C5E6-3A49-BF188029F767}.Release|Any CPU.Build.0 = Release|Any CPU
		{12A276F4-F231-0F8D-D632-7818A1E7CF68}.Debug|Any CPU.ActiveCfg = Debug|Any CPU
		{12A276F4-F231-0F8D-D632-7818A1E7CF68}.Debug|Any CPU.Build.0 = Debug|Any CPU
		{12A276F4-F231-0F8D-D632-7818A1E7CF68}.Release|Any CPU.ActiveCfg = Release|Any CPU
		{12A276F4-F231-0F8D-D632-7818A1E7CF68}.Release|Any CPU.Build.0 = Release|Any CPU
	EndGlobalSection
	GlobalSection(SolutionProperties) = preSolution
		HideSolutionNode = FALSE
	EndGlobalSection
EndGlobal
